// !$*UTF8*$!
{
	archiveVersion = 1;
	classes = {
	};
	objectVersion = 77;
	objects = {

/* Begin PBXBuildFile section */
		02DF8697D3FDCD19027485D5 /* GPSSendHealthView.swift in Sources */ = {isa = PBXBuildFile; fileRef = D6E30F3ACE1C7F990378C2E8 /* GPSSendHealthView.swift */; };
		05299D56957A330EC4DAF748 /* CLLocation+Fix.swift in Sources */ = {isa = PBXBuildFile; fileRef = 962E9FA7F63BC494BA990B32 /* CLLocation+Fix.swift */; };
		05CABF881EA1A1A5C4694C0B /* CameraActivityController.swift in Sources */ = {isa = PBXBuildFile; fileRef = 54EA95225E1722DC6F284AD1 /* CameraActivityController.swift */; };
		08489E83436311DEBA811A49 /* djibt-watch.icon in Resources */ = {isa = PBXBuildFile; fileRef = 3645B389DAB08594CA9C4BE1 /* djibt-watch.icon */; };
		099F8992D9EBC08C48300EC3 /* CamActivityAttributes.swift in Sources */ = {isa = PBXBuildFile; fileRef = 8A10C0E1F0F066C4AB080E5B /* CamActivityAttributes.swift */; };
		0B7AF48C07F6BDE05D611936 /* Logging.swift in Sources */ = {isa = PBXBuildFile; fileRef = C6D85868F51A7E9700410B94 /* Logging.swift */; };
		0DC17D3D7DE301783BB10F3D /* PrivacyInfo.xcprivacy in Resources */ = {isa = PBXBuildFile; fileRef = 4068EC99D53D899A6F2CCDFF /* PrivacyInfo.xcprivacy */; };
		0F221FC7A529600A86D3B42C /* KeyReportCommand.swift in Sources */ = {isa = PBXBuildFile; fileRef = 4517D2ECD87BC34C38F77BF6 /* KeyReportCommand.swift */; };
		0FA0D4A7DB2ADB3230FBB5AD /* CameraShortcuts.swift in Sources */ = {isa = PBXBuildFile; fileRef = 8819AE63F91CAD2817D9CD63 /* CameraShortcuts.swift */; };
		1815B3ACD92C98F9B650B09D /* RecordingCommand.swift in Sources */ = {isa = PBXBuildFile; fileRef = 73574EDDD56A08059E6848F2 /* RecordingCommand.swift */; };
		1BE92A02CD2AE74D3DEA2585 /* FirstSeenLogger.swift in Sources */ = {isa = PBXBuildFile; fileRef = 54EA7058CEAC7390F6A85784 /* FirstSeenLogger.swift */; };
		1C580A91DDB173AA436DA9BA /* OsmoMultiApp.swift in Sources */ = {isa = PBXBuildFile; fileRef = BA300F201CB3C612E0FF92C3 /* OsmoMultiApp.swift */; };
		2492B25AAEDEB87B14CE3DB8 /* FrameTests.swift in Sources */ = {isa = PBXBuildFile; fileRef = 68D8C8ADE10B30ADA4DE66C3 /* FrameTests.swift */; };
		27CCCBC1C8953BC76749828C /* ContentView.swift in Sources */ = {isa = PBXBuildFile; fileRef = 66F24A8E9D09D59C73F80E71 /* ContentView.swift */; };
		2A061DFDF05CD66C67452F25 /* CRC.swift in Sources */ = {isa = PBXBuildFile; fileRef = C613863961F2D76F2DF57E4F /* CRC.swift */; };
		2EE102F3249EC8BD9D30EA53 /* PowerModeCommand.swift in Sources */ = {isa = PBXBuildFile; fileRef = 598F6ACABE4154A2BDBF3382 /* PowerModeCommand.swift */; };
		2F2FDF003B3A526883CBBE97 /* AddCameraView.swift in Sources */ = {isa = PBXBuildFile; fileRef = DB21A75914A5F46FA36BA8B3 /* AddCameraView.swift */; };
		30A5D07C2038F59C751C0584 /* DJIOsmoKit.framework in Frameworks */ = {isa = PBXBuildFile; fileRef = 353451F0F10BCADDAA438278 /* DJIOsmoKit.framework */; };
		34620211E93B448180F7473A /* CamActivityAttributes.swift in Sources */ = {isa = PBXBuildFile; fileRef = 8A10C0E1F0F066C4AB080E5B /* CamActivityAttributes.swift */; };
		36A8D280F92A8AA6F72B7F15 /* OsmoBLEScanner.swift in Sources */ = {isa = PBXBuildFile; fileRef = BF5E9ED9B3C9E0CA998698BC /* OsmoBLEScanner.swift */; };
		36FC8AEDDB1C72897AA828FD /* OsmoWidgetsBundle.swift in Sources */ = {isa = PBXBuildFile; fileRef = 7188696585E1C00E9E62D1A8 /* OsmoWidgetsBundle.swift */; };
		396BA941F2DA4C6D498ECAAF /* OsmoBLEConnection.swift in Sources */ = {isa = PBXBuildFile; fileRef = 14CBEF2F29EDD094645BE89F /* OsmoBLEConnection.swift */; };
		39D7C929BFD72A8F2AAB6B3C /* DropoutTests.swift in Sources */ = {isa = PBXBuildFile; fileRef = 7C724D28814A8206C2616F50 /* DropoutTests.swift */; };
		39F347730F4082C9128378E8 /* DJIOsmoKit.framework in Frameworks */ = {isa = PBXBuildFile; fileRef = 353451F0F10BCADDAA438278 /* DJIOsmoKit.framework */; };
		449D6C5951D62C23DDB5F8B1 /* DJIOsmoKit.framework in Embed Frameworks */ = {isa = PBXBuildFile; fileRef = 353451F0F10BCADDAA438278 /* DJIOsmoKit.framework */; settings = {ATTRIBUTES = (CodeSignOnCopy, RemoveHeadersOnCopy, ); }; };
		4997EBDBA4DB8FA26BC9A8C9 /* CRCTests.swift in Sources */ = {isa = PBXBuildFile; fileRef = E3EC743303679BC8DF0EFC38 /* CRCTests.swift */; };
		4D9232CC60C795F68D343094 /* OsmoWatch.app in Embed Watch Content */ = {isa = PBXBuildFile; fileRef = 455E2513988A17A0F2CC1588 /* OsmoWatch.app */; settings = {ATTRIBUTES = (RemoveHeadersOnCopy, ); }; };
		596EB903881E53379E832005 /* DJIOsmoKit.framework in Embed Frameworks */ = {isa = PBXBuildFile; fileRef = 353451F0F10BCADDAA438278 /* DJIOsmoKit.framework */; settings = {ATTRIBUTES = (CodeSignOnCopy, RemoveHeadersOnCopy, ); }; };
		5E1B6CEB17BBF051CA0F5D62 /* OsmoCamera.swift in Sources */ = {isa = PBXBuildFile; fileRef = 2801D329D80770AF5B55B9FE /* OsmoCamera.swift */; };
		65855D1A8222BD38E542DF14 /* Assets.xcassets in Resources */ = {isa = PBXBuildFile; fileRef = 1F7C475380786E9EF225C441 /* Assets.xcassets */; };
		6881F981E6E4A493D32FAB12 /* SettingsView.swift in Sources */ = {isa = PBXBuildFile; fileRef = AE44255BF0B5BFC256A3CE67 /* SettingsView.swift */; };
		68A7E0BA84FA5A23A43D0492 /* ConnectionState.swift in Sources */ = {isa = PBXBuildFile; fileRef = 6916C08A1CE408C53DBDED99 /* ConnectionState.swift */; };
		6AEB2ADA5443DA78118ADB7F /* GPSFixState.swift in Sources */ = {isa = PBXBuildFile; fileRef = 97608A344AA044814077E8B0 /* GPSFixState.swift */; };
		6C9FE28E9436D097B5790225 /* CamActivityIntents.swift in Sources */ = {isa = PBXBuildFile; fileRef = C18F72A5AD16B37DBF518CE6 /* CamActivityIntents.swift */; };
		6CB9A6D2F6A529BE5A0786C5 /* CamControlLiveActivity.swift in Sources */ = {isa = PBXBuildFile; fileRef = 3C81C494E1B493FF44147EEA /* CamControlLiveActivity.swift */; };
		75D8564A4B679C52E486A6FD /* Assets.xcassets in Resources */ = {isa = PBXBuildFile; fileRef = A24900A3DB6D0559F8B8117F /* Assets.xcassets */; };
		7A935FF533D0028D8B448FA2 /* SignalStrengthView.swift in Sources */ = {isa = PBXBuildFile; fileRef = 9853A33FE02BF25B8BBEA860 /* SignalStrengthView.swift */; };
		806E9765F2035B4A52DB44B8 /* CameraIntents.swift in Sources */ = {isa = PBXBuildFile; fileRef = 2430493209B0B966F9D0D5F0 /* CameraIntents.swift */; };
		80D238E6F1ED98E9687704F5 /* WatchControlView.swift in Sources */ = {isa = PBXBuildFile; fileRef = 77BA1CD115E78338BCBFACC5 /* WatchControlView.swift */; };
		8145316D33D7FD70E916561A /* VersionQueryCommand.swift in Sources */ = {isa = PBXBuildFile; fileRef = 6DC1B54B3EBAEAD34B427C49 /* VersionQueryCommand.swift */; };
		82C8FF2D45FF8943E4B56C5F /* CameraRowView.swift in Sources */ = {isa = PBXBuildFile; fileRef = 05935ED1F892FD40924DF4D2 /* CameraRowView.swift */; };
		92F93588A7010BE257D769CA /* djibt-ios.icon in Resources */ = {isa = PBXBuildFile; fileRef = DDAED9B4AB672CB7FA28552F /* djibt-ios.icon */; };
		965779F6C3FFAAF09E1C28E8 /* GPSFixTests.swift in Sources */ = {isa = PBXBuildFile; fileRef = 4E8263B15ABB871DCD551183 /* GPSFixTests.swift */; };
		9FACCC12CE8DB4D45EB00575 /* CameraListViewModel.swift in Sources */ = {isa = PBXBuildFile; fileRef = 7E9838660BDF128E730E1C78 /* CameraListViewModel.swift */; };
		A24A222A21DFD4C5AABEF43F /* CameraListView.swift in Sources */ = {isa = PBXBuildFile; fileRef = DA154D155C699D1747CC716A /* CameraListView.swift */; };
		A78F130A1B57187EA3E2BD18 /* RawFrameCommand.swift in Sources */ = {isa = PBXBuildFile; fileRef = 882B71AD36860EA8FED4A351 /* RawFrameCommand.swift */; };
		A7BBE9C186384A3632127535 /* StatusSubscribeCommand.swift in Sources */ = {isa = PBXBuildFile; fileRef = 40400697BA320D8E1824DF73 /* StatusSubscribeCommand.swift */; };
		AD416154C93E4D77130FA5A3 /* CamActivityIntents.swift in Sources */ = {isa = PBXBuildFile; fileRef = C18F72A5AD16B37DBF518CE6 /* CamActivityIntents.swift */; };
		ADBA3C21DF0DABF9AFF7BF31 /* CameraStatus.swift in Sources */ = {isa = PBXBuildFile; fileRef = 3312CE9941F41DB906D52CB1 /* CameraStatus.swift */; };
		AFB1DE62757C2A143DF603B5 /* OsmoCameraManager.swift in Sources */ = {isa = PBXBuildFile; fileRef = 28D7898C577133FE6DDDAB86 /* OsmoCameraManager.swift */; };
		B170FCA659C4B5902088477C /* Assets.xcassets in Resources */ = {isa = PBXBuildFile; fileRef = 2CB2376AF5AFBA23A8D7E5F6 /* Assets.xcassets */; };
		BBFED5FDB3C21C96D3A0A9CD /* ConnectionCommand.swift in Sources */ = {isa = PBXBuildFile; fileRef = 97A0C3C5D3CC6AC613EBFCAA /* ConnectionCommand.swift */; };
		BFF5DF596CFC3F8A83ED8766 /* CameraDropNotifier.swift in Sources */ = {isa = PBXBuildFile; fileRef = 007BF4B45048FBFAED6ED6AA /* CameraDropNotifier.swift */; };
		CACC83F5E3367323F06DD518 /* GPSPushCommand.swift in Sources */ = {isa = PBXBuildFile; fileRef = 8D82B5852DB15814F0429594 /* GPSPushCommand.swift */; };
		D28B1B70A771347BEE54C437 /* OsmoWatchApp.swift in Sources */ = {isa = PBXBuildFile; fileRef = EB86E24EE94AF69E7E4E57A2 /* OsmoWatchApp.swift */; };
		D3A6BF72ECFD46DCC620D7D4 /* ModeDetailsPushCommand.swift in Sources */ = {isa = PBXBuildFile; fileRef = 5748F9425ECD83D3EE0F0C6B /* ModeDetailsPushCommand.swift */; };
		D7458693C464FCC7949E4C69 /* CameraDetailView.swift in Sources */ = {isa = PBXBuildFile; fileRef = 5154755099B80CB654708951 /* CameraDetailView.swift */; };
		D9CC6824B4F1BC37F152ED4E /* FrameParser.swift in Sources */ = {isa = PBXBuildFile; fileRef = E5CB2752607DA6319914F6A2 /* FrameParser.swift */; };
		E77A8E007FD275212F1CE7DF /* ModeCommand.swift in Sources */ = {isa = PBXBuildFile; fileRef = 16BC89933A607C29647FF0EB /* ModeCommand.swift */; };
		E84DAE80B0207A4188AC117E /* GlobalControlsView.swift in Sources */ = {isa = PBXBuildFile; fileRef = F459A47517A1E40A0207A7AC /* GlobalControlsView.swift */; };
		EE45C36217677383E88D4E73 /* OsmoLocationManager.swift in Sources */ = {isa = PBXBuildFile; fileRef = EDCA5C70829E8EA39D4F8928 /* OsmoLocationManager.swift */; };
		EFEFE08A6D17D116007BF5EC /* OsmoWidgets.appex in Embed Foundation Extensions */ = {isa = PBXBuildFile; fileRef = FD00D2B5302B0E4684DB8A4B /* OsmoWidgets.appex */; settings = {ATTRIBUTES = (RemoveHeadersOnCopy, ); }; };
		F0BCEE371E1B4A705890B449 /* WatchViewModel.swift in Sources */ = {isa = PBXBuildFile; fileRef = 0EA2991A288C4BAE21024128 /* WatchViewModel.swift */; };
		F7F11D57C1C281440F02B74C /* OsmoCameraManager+Preview.swift in Sources */ = {isa = PBXBuildFile; fileRef = 4B0A99BDBAF28DB315FE2AA8 /* OsmoCameraManager+Preview.swift */; };
		F9628096EEA3E7FF751D227F /* FrameBuilder.swift in Sources */ = {isa = PBXBuildFile; fileRef = D89BC62CAB62EB2AF2705EDC /* FrameBuilder.swift */; };
		FD7D35A738741DB080A6C091 /* WatchBridge.swift in Sources */ = {isa = PBXBuildFile; fileRef = 69A871470DA3A519D7F9EC81 /* WatchBridge.swift */; };
		FF43A991CDBDB4C362519699 /* CameraMode.swift in Sources */ = {isa = PBXBuildFile; fileRef = F488F37BC194C985DEC62F18 /* CameraMode.swift */; };
/* End PBXBuildFile section */

/* Begin PBXContainerItemProxy section */
		2698696C32013744504BEE95 /* PBXContainerItemProxy */ = {
			isa = PBXContainerItemProxy;
			containerPortal = 4B42AFF5E72EEAB3596F4E9B /* Project object */;
			proxyType = 1;
			remoteGlobalIDString = EC1EF8D172B34EDF64A31ADA;
			remoteInfo = OsmoWatch;
		};
		3DD5DB3FAA2098E1404777F8 /* PBXContainerItemProxy */ = {
			isa = PBXContainerItemProxy;
			containerPortal = 4B42AFF5E72EEAB3596F4E9B /* Project object */;
			proxyType = 1;
			remoteGlobalIDString = 9B723E30363710AE29F85060;
			remoteInfo = OsmoWidgets;
		};
		CA7E6A555C33D1F5EC405803 /* PBXContainerItemProxy */ = {
			isa = PBXContainerItemProxy;
			containerPortal = 4B42AFF5E72EEAB3596F4E9B /* Project object */;
			proxyType = 1;
			remoteGlobalIDString = 123F66ABB15B6E5A3C44AFBA;
			remoteInfo = DJIOsmoKit;
		};
		F2847085038BBC0281B3A425 /* PBXContainerItemProxy */ = {
			isa = PBXContainerItemProxy;
			containerPortal = 4B42AFF5E72EEAB3596F4E9B /* Project object */;
			proxyType = 1;
			remoteGlobalIDString = 123F66ABB15B6E5A3C44AFBA;
			remoteInfo = DJIOsmoKit;
		};
/* End PBXContainerItemProxy section */

/* Begin PBXCopyFilesBuildPhase section */
		0A5907831BE1243A1C14C8E8 /* Embed Frameworks */ = {
			isa = PBXCopyFilesBuildPhase;
			buildActionMask = 2147483647;
			dstPath = "";
			dstSubfolderSpec = 10;
			files = (
				596EB903881E53379E832005 /* DJIOsmoKit.framework in Embed Frameworks */,
			);
			name = "Embed Frameworks";
			runOnlyForDeploymentPostprocessing = 0;
		};
		58AF53482E904F9C74F8E094 /* Embed Frameworks */ = {
			isa = PBXCopyFilesBuildPhase;
			buildActionMask = 2147483647;
			dstPath = "";
			dstSubfolderSpec = 10;
			files = (
				449D6C5951D62C23DDB5F8B1 /* DJIOsmoKit.framework in Embed Frameworks */,
			);
			name = "Embed Frameworks";
			runOnlyForDeploymentPostprocessing = 0;
		};
		BF84FCFAC433996B5F93E75E /* Embed Watch Content */ = {
			isa = PBXCopyFilesBuildPhase;
			buildActionMask = 2147483647;
			dstPath = "$(CONTENTS_FOLDER_PATH)/Watch";
			dstSubfolderSpec = 16;
			files = (
				4D9232CC60C795F68D343094 /* OsmoWatch.app in Embed Watch Content */,
			);
			name = "Embed Watch Content";
			runOnlyForDeploymentPostprocessing = 0;
		};
		C9B79812B36A891082977E18 /* Embed Foundation Extensions */ = {
			isa = PBXCopyFilesBuildPhase;
			buildActionMask = 2147483647;
			dstPath = "";
			dstSubfolderSpec = 13;
			files = (
				EFEFE08A6D17D116007BF5EC /* OsmoWidgets.appex in Embed Foundation Extensions */,
			);
			name = "Embed Foundation Extensions";
			runOnlyForDeploymentPostprocessing = 0;
		};
/* End PBXCopyFilesBuildPhase section */

/* Begin PBXFileReference section */
		007BF4B45048FBFAED6ED6AA /* CameraDropNotifier.swift */ = {isa = PBXFileReference; lastKnownFileType = sourcecode.swift; path = CameraDropNotifier.swift; sourceTree = "<group>"; };
		05935ED1F892FD40924DF4D2 /* CameraRowView.swift */ = {isa = PBXFileReference; lastKnownFileType = sourcecode.swift; path = CameraRowView.swift; sourceTree = "<group>"; };
		0EA2991A288C4BAE21024128 /* WatchViewModel.swift */ = {isa = PBXFileReference; lastKnownFileType = sourcecode.swift; path = WatchViewModel.swift; sourceTree = "<group>"; };
		14CBEF2F29EDD094645BE89F /* OsmoBLEConnection.swift */ = {isa = PBXFileReference; lastKnownFileType = sourcecode.swift; path = OsmoBLEConnection.swift; sourceTree = "<group>"; };
		16BC89933A607C29647FF0EB /* ModeCommand.swift */ = {isa = PBXFileReference; lastKnownFileType = sourcecode.swift; path = ModeCommand.swift; sourceTree = "<group>"; };
		1F7C475380786E9EF225C441 /* Assets.xcassets */ = {isa = PBXFileReference; lastKnownFileType = folder.assetcatalog; path = Assets.xcassets; sourceTree = "<group>"; };
		23DA1C44DC0134E8C5AB57FA /* Info.plist */ = {isa = PBXFileReference; lastKnownFileType = text.plist; path = Info.plist; sourceTree = "<group>"; };
		2430493209B0B966F9D0D5F0 /* CameraIntents.swift */ = {isa = PBXFileReference; lastKnownFileType = sourcecode.swift; path = CameraIntents.swift; sourceTree = "<group>"; };
		2801D329D80770AF5B55B9FE /* OsmoCamera.swift */ = {isa = PBXFileReference; lastKnownFileType = sourcecode.swift; path = OsmoCamera.swift; sourceTree = "<group>"; };
		28D7898C577133FE6DDDAB86 /* OsmoCameraManager.swift */ = {isa = PBXFileReference; lastKnownFileType = sourcecode.swift; path = OsmoCameraManager.swift; sourceTree = "<group>"; };
		2CB2376AF5AFBA23A8D7E5F6 /* Assets.xcassets */ = {isa = PBXFileReference; lastKnownFileType = folder.assetcatalog; path = Assets.xcassets; sourceTree = "<group>"; };
		3312CE9941F41DB906D52CB1 /* CameraStatus.swift */ = {isa = PBXFileReference; lastKnownFileType = sourcecode.swift; path = CameraStatus.swift; sourceTree = "<group>"; };
		353451F0F10BCADDAA438278 /* DJIOsmoKit.framework */ = {isa = PBXFileReference; explicitFileType = wrapper.framework; includeInIndex = 0; path = DJIOsmoKit.framework; sourceTree = BUILT_PRODUCTS_DIR; };
		3645B389DAB08594CA9C4BE1 /* djibt-watch.icon */ = {isa = PBXFileReference; lastKnownFileType = wrapper.icon; path = "djibt-watch.icon"; sourceTree = "<group>"; };
		3C81C494E1B493FF44147EEA /* CamControlLiveActivity.swift */ = {isa = PBXFileReference; lastKnownFileType = sourcecode.swift; path = CamControlLiveActivity.swift; sourceTree = "<group>"; };
		40400697BA320D8E1824DF73 /* StatusSubscribeCommand.swift */ = {isa = PBXFileReference; lastKnownFileType = sourcecode.swift; path = StatusSubscribeCommand.swift; sourceTree = "<group>"; };
		4068EC99D53D899A6F2CCDFF /* PrivacyInfo.xcprivacy */ = {isa = PBXFileReference; path = PrivacyInfo.xcprivacy; sourceTree = "<group>"; };
		4517D2ECD87BC34C38F77BF6 /* KeyReportCommand.swift */ = {isa = PBXFileReference; lastKnownFileType = sourcecode.swift; path = KeyReportCommand.swift; sourceTree = "<group>"; };
		455E2513988A17A0F2CC1588 /* OsmoWatch.app */ = {isa = PBXFileReference; explicitFileType = wrapper.application; includeInIndex = 0; path = OsmoWatch.app; sourceTree = BUILT_PRODUCTS_DIR; };
		4B0A99BDBAF28DB315FE2AA8 /* OsmoCameraManager+Preview.swift */ = {isa = PBXFileReference; lastKnownFileType = sourcecode.swift; path = "OsmoCameraManager+Preview.swift"; sourceTree = "<group>"; };
		4E8263B15ABB871DCD551183 /* GPSFixTests.swift */ = {isa = PBXFileReference; lastKnownFileType = sourcecode.swift; path = GPSFixTests.swift; sourceTree = "<group>"; };
		5154755099B80CB654708951 /* CameraDetailView.swift */ = {isa = PBXFileReference; lastKnownFileType = sourcecode.swift; path = CameraDetailView.swift; sourceTree = "<group>"; };
		54EA7058CEAC7390F6A85784 /* FirstSeenLogger.swift */ = {isa = PBXFileReference; lastKnownFileType = sourcecode.swift; path = FirstSeenLogger.swift; sourceTree = "<group>"; };
		54EA95225E1722DC6F284AD1 /* CameraActivityController.swift */ = {isa = PBXFileReference; lastKnownFileType = sourcecode.swift; path = CameraActivityController.swift; sourceTree = "<group>"; };
		5748F9425ECD83D3EE0F0C6B /* ModeDetailsPushCommand.swift */ = {isa = PBXFileReference; lastKnownFileType = sourcecode.swift; path = ModeDetailsPushCommand.swift; sourceTree = "<group>"; };
		598F6ACABE4154A2BDBF3382 /* PowerModeCommand.swift */ = {isa = PBXFileReference; lastKnownFileType = sourcecode.swift; path = PowerModeCommand.swift; sourceTree = "<group>"; };
		5B3D36E242AEFF8485065A07 /* OsmoMulti.app */ = {isa = PBXFileReference; includeInIndex = 0; lastKnownFileType = wrapper.application; path = OsmoMulti.app; sourceTree = BUILT_PRODUCTS_DIR; };
		66F24A8E9D09D59C73F80E71 /* ContentView.swift */ = {isa = PBXFileReference; lastKnownFileType = sourcecode.swift; path = ContentView.swift; sourceTree = "<group>"; };
		68D8C8ADE10B30ADA4DE66C3 /* FrameTests.swift */ = {isa = PBXFileReference; lastKnownFileType = sourcecode.swift; path = FrameTests.swift; sourceTree = "<group>"; };
		6916C08A1CE408C53DBDED99 /* ConnectionState.swift */ = {isa = PBXFileReference; lastKnownFileType = sourcecode.swift; path = ConnectionState.swift; sourceTree = "<group>"; };
		69A871470DA3A519D7F9EC81 /* WatchBridge.swift */ = {isa = PBXFileReference; lastKnownFileType = sourcecode.swift; path = WatchBridge.swift; sourceTree = "<group>"; };
		6DC1B54B3EBAEAD34B427C49 /* VersionQueryCommand.swift */ = {isa = PBXFileReference; lastKnownFileType = sourcecode.swift; path = VersionQueryCommand.swift; sourceTree = "<group>"; };
		7188696585E1C00E9E62D1A8 /* OsmoWidgetsBundle.swift */ = {isa = PBXFileReference; lastKnownFileType = sourcecode.swift; path = OsmoWidgetsBundle.swift; sourceTree = "<group>"; };
		7232CFC18FC2C9A32DCC4141 /* Signing.xcconfig */ = {isa = PBXFileReference; lastKnownFileType = text.xcconfig; path = Signing.xcconfig; sourceTree = "<group>"; };
		73574EDDD56A08059E6848F2 /* RecordingCommand.swift */ = {isa = PBXFileReference; lastKnownFileType = sourcecode.swift; path = RecordingCommand.swift; sourceTree = "<group>"; };
		77BA1CD115E78338BCBFACC5 /* WatchControlView.swift */ = {isa = PBXFileReference; lastKnownFileType = sourcecode.swift; path = WatchControlView.swift; sourceTree = "<group>"; };
		7C724D28814A8206C2616F50 /* DropoutTests.swift */ = {isa = PBXFileReference; lastKnownFileType = sourcecode.swift; path = DropoutTests.swift; sourceTree = "<group>"; };
		7E9838660BDF128E730E1C78 /* CameraListViewModel.swift */ = {isa = PBXFileReference; lastKnownFileType = sourcecode.swift; path = CameraListViewModel.swift; sourceTree = "<group>"; };
		8819AE63F91CAD2817D9CD63 /* CameraShortcuts.swift */ = {isa = PBXFileReference; lastKnownFileType = sourcecode.swift; path = CameraShortcuts.swift; sourceTree = "<group>"; };
		882B71AD36860EA8FED4A351 /* RawFrameCommand.swift */ = {isa = PBXFileReference; lastKnownFileType = sourcecode.swift; path = RawFrameCommand.swift; sourceTree = "<group>"; };
		8A10C0E1F0F066C4AB080E5B /* CamActivityAttributes.swift */ = {isa = PBXFileReference; lastKnownFileType = sourcecode.swift; path = CamActivityAttributes.swift; sourceTree = "<group>"; };
		8D82B5852DB15814F0429594 /* GPSPushCommand.swift */ = {isa = PBXFileReference; lastKnownFileType = sourcecode.swift; path = GPSPushCommand.swift; sourceTree = "<group>"; };
		962E9FA7F63BC494BA990B32 /* CLLocation+Fix.swift */ = {isa = PBXFileReference; lastKnownFileType = sourcecode.swift; path = "CLLocation+Fix.swift"; sourceTree = "<group>"; };
		97608A344AA044814077E8B0 /* GPSFixState.swift */ = {isa = PBXFileReference; lastKnownFileType = sourcecode.swift; path = GPSFixState.swift; sourceTree = "<group>"; };
		97A0C3C5D3CC6AC613EBFCAA /* ConnectionCommand.swift */ = {isa = PBXFileReference; lastKnownFileType = sourcecode.swift; path = ConnectionCommand.swift; sourceTree = "<group>"; };
		9853A33FE02BF25B8BBEA860 /* SignalStrengthView.swift */ = {isa = PBXFileReference; lastKnownFileType = sourcecode.swift; path = SignalStrengthView.swift; sourceTree = "<group>"; };
		A24900A3DB6D0559F8B8117F /* Assets.xcassets */ = {isa = PBXFileReference; lastKnownFileType = folder.assetcatalog; path = Assets.xcassets; sourceTree = "<group>"; };
		AE44255BF0B5BFC256A3CE67 /* SettingsView.swift */ = {isa = PBXFileReference; lastKnownFileType = sourcecode.swift; path = SettingsView.swift; sourceTree = "<group>"; };
		BA300F201CB3C612E0FF92C3 /* OsmoMultiApp.swift */ = {isa = PBXFileReference; lastKnownFileType = sourcecode.swift; path = OsmoMultiApp.swift; sourceTree = "<group>"; };
		BF5E9ED9B3C9E0CA998698BC /* OsmoBLEScanner.swift */ = {isa = PBXFileReference; lastKnownFileType = sourcecode.swift; path = OsmoBLEScanner.swift; sourceTree = "<group>"; };
		C18F72A5AD16B37DBF518CE6 /* CamActivityIntents.swift */ = {isa = PBXFileReference; lastKnownFileType = sourcecode.swift; path = CamActivityIntents.swift; sourceTree = "<group>"; };
		C613863961F2D76F2DF57E4F /* CRC.swift */ = {isa = PBXFileReference; lastKnownFileType = sourcecode.swift; path = CRC.swift; sourceTree = "<group>"; };
		C6D85868F51A7E9700410B94 /* Logging.swift */ = {isa = PBXFileReference; lastKnownFileType = sourcecode.swift; path = Logging.swift; sourceTree = "<group>"; };
		D6E30F3ACE1C7F990378C2E8 /* GPSSendHealthView.swift */ = {isa = PBXFileReference; lastKnownFileType = sourcecode.swift; path = GPSSendHealthView.swift; sourceTree = "<group>"; };
		D7ABD97AE06CB76A157B15ED /* Info.plist */ = {isa = PBXFileReference; lastKnownFileType = text.plist; path = Info.plist; sourceTree = "<group>"; };
		D89BC62CAB62EB2AF2705EDC /* FrameBuilder.swift */ = {isa = PBXFileReference; lastKnownFileType = sourcecode.swift; path = FrameBuilder.swift; sourceTree = "<group>"; };
		DA154D155C699D1747CC716A /* CameraListView.swift */ = {isa = PBXFileReference; lastKnownFileType = sourcecode.swift; path = CameraListView.swift; sourceTree = "<group>"; };
		DB21A75914A5F46FA36BA8B3 /* AddCameraView.swift */ = {isa = PBXFileReference; lastKnownFileType = sourcecode.swift; path = AddCameraView.swift; sourceTree = "<group>"; };
		DDAED9B4AB672CB7FA28552F /* djibt-ios.icon */ = {isa = PBXFileReference; lastKnownFileType = wrapper.icon; path = "djibt-ios.icon"; sourceTree = "<group>"; };
		E3EC743303679BC8DF0EFC38 /* CRCTests.swift */ = {isa = PBXFileReference; lastKnownFileType = sourcecode.swift; path = CRCTests.swift; sourceTree = "<group>"; };
		E5CB2752607DA6319914F6A2 /* FrameParser.swift */ = {isa = PBXFileReference; lastKnownFileType = sourcecode.swift; path = FrameParser.swift; sourceTree = "<group>"; };
		EB86E24EE94AF69E7E4E57A2 /* OsmoWatchApp.swift */ = {isa = PBXFileReference; lastKnownFileType = sourcecode.swift; path = OsmoWatchApp.swift; sourceTree = "<group>"; };
		EDCA5C70829E8EA39D4F8928 /* OsmoLocationManager.swift */ = {isa = PBXFileReference; lastKnownFileType = sourcecode.swift; path = OsmoLocationManager.swift; sourceTree = "<group>"; };
		F459A47517A1E40A0207A7AC /* GlobalControlsView.swift */ = {isa = PBXFileReference; lastKnownFileType = sourcecode.swift; path = GlobalControlsView.swift; sourceTree = "<group>"; };
		F488F37BC194C985DEC62F18 /* CameraMode.swift */ = {isa = PBXFileReference; lastKnownFileType = sourcecode.swift; path = CameraMode.swift; sourceTree = "<group>"; };
		FD00D2B5302B0E4684DB8A4B /* OsmoWidgets.appex */ = {isa = PBXFileReference; includeInIndex = 0; lastKnownFileType = "wrapper.app-extension"; path = OsmoWidgets.appex; sourceTree = BUILT_PRODUCTS_DIR; };
		FE827854DB2FD597251E86C3 /* DJIOsmoKitTests.xctest */ = {isa = PBXFileReference; includeInIndex = 0; lastKnownFileType = wrapper.cfbundle; path = DJIOsmoKitTests.xctest; sourceTree = BUILT_PRODUCTS_DIR; };
/* End PBXFileReference section */

/* Begin PBXFrameworksBuildPhase section */
		06A12F52D9EB05C5F534B487 /* Frameworks */ = {
			isa = PBXFrameworksBuildPhase;
			buildActionMask = 2147483647;
			files = (
				39F347730F4082C9128378E8 /* DJIOsmoKit.framework in Frameworks */,
			);
			runOnlyForDeploymentPostprocessing = 0;
		};
		7B362EA63819AC59AB765FC7 /* Frameworks */ = {
			isa = PBXFrameworksBuildPhase;
			buildActionMask = 2147483647;
			files = (
				30A5D07C2038F59C751C0584 /* DJIOsmoKit.framework in Frameworks */,
			);
			runOnlyForDeploymentPostprocessing = 0;
		};
/* End PBXFrameworksBuildPhase section */

/* Begin PBXGroup section */
		02A619DD4815D98641C505B1 /* OsmoMulti */ = {
			isa = PBXGroup;
			children = (
				2CB2376AF5AFBA23A8D7E5F6 /* Assets.xcassets */,
				D7ABD97AE06CB76A157B15ED /* Info.plist */,
				4068EC99D53D899A6F2CCDFF /* PrivacyInfo.xcprivacy */,
				871F0137BC2320159A6FF64A /* App */,
				7CD10214DD91AE1B953E37AF /* Intents */,
				A1006736BC786583B4B4CC9D /* ViewModels */,
				535B0A3D08F2903B01B58EAD /* Views */,
				B46F57D7E37D52C9010DABB4 /* Watch */,
			);
			path = OsmoMulti;
			sourceTree = "<group>";
		};
		101EBBD1B772E6C5C31222EC /* Config */ = {
			isa = PBXGroup;
			children = (
				7232CFC18FC2C9A32DCC4141 /* Signing.xcconfig */,
			);
			path = Config;
			sourceTree = "<group>";
		};
		31007B37A5840720AD747925 /* DJIOsmoKitTests */ = {
			isa = PBXGroup;
			children = (
				E3EC743303679BC8DF0EFC38 /* CRCTests.swift */,
				7C724D28814A8206C2616F50 /* DropoutTests.swift */,
				68D8C8ADE10B30ADA4DE66C3 /* FrameTests.swift */,
				4E8263B15ABB871DCD551183 /* GPSFixTests.swift */,
			);
			path = DJIOsmoKitTests;
			sourceTree = "<group>";
		};
		535B0A3D08F2903B01B58EAD /* Views */ = {
			isa = PBXGroup;
			children = (
				DB21A75914A5F46FA36BA8B3 /* AddCameraView.swift */,
				5154755099B80CB654708951 /* CameraDetailView.swift */,
				DA154D155C699D1747CC716A /* CameraListView.swift */,
				05935ED1F892FD40924DF4D2 /* CameraRowView.swift */,
				F459A47517A1E40A0207A7AC /* GlobalControlsView.swift */,
				D6E30F3ACE1C7F990378C2E8 /* GPSSendHealthView.swift */,
				AE44255BF0B5BFC256A3CE67 /* SettingsView.swift */,
				9853A33FE02BF25B8BBEA860 /* SignalStrengthView.swift */,
			);
			path = Views;
			sourceTree = "<group>";
		};
		59400AA57335E77743838D9B /* content */ = {
			isa = PBXGroup;
			children = (
				DDAED9B4AB672CB7FA28552F /* djibt-ios.icon */,
				3645B389DAB08594CA9C4BE1 /* djibt-watch.icon */,
			);
			path = content;
			sourceTree = "<group>";
		};
		5AA6E2066E073C7A3C985A36 /* Views */ = {
			isa = PBXGroup;
			children = (
				77BA1CD115E78338BCBFACC5 /* WatchControlView.swift */,
			);
			path = Views;
			sourceTree = "<group>";
		};
		71E680107B687A82BBFA5266 /* Location */ = {
			isa = PBXGroup;
			children = (
				962E9FA7F63BC494BA990B32 /* CLLocation+Fix.swift */,
				97608A344AA044814077E8B0 /* GPSFixState.swift */,
				EDCA5C70829E8EA39D4F8928 /* OsmoLocationManager.swift */,
			);
			path = Location;
			sourceTree = "<group>";
		};
		74857E81B374CD1348E08F58 /* Models */ = {
			isa = PBXGroup;
			children = (
				F488F37BC194C985DEC62F18 /* CameraMode.swift */,
				3312CE9941F41DB906D52CB1 /* CameraStatus.swift */,
				6916C08A1CE408C53DBDED99 /* ConnectionState.swift */,
			);
			path = Models;
			sourceTree = "<group>";
		};
		79FE9624C3B1D710765E25DC /* Camera */ = {
			isa = PBXGroup;
			children = (
				2801D329D80770AF5B55B9FE /* OsmoCamera.swift */,
				28D7898C577133FE6DDDAB86 /* OsmoCameraManager.swift */,
				4B0A99BDBAF28DB315FE2AA8 /* OsmoCameraManager+Preview.swift */,
			);
			path = Camera;
			sourceTree = "<group>";
		};
		7CD10214DD91AE1B953E37AF /* Intents */ = {
			isa = PBXGroup;
			children = (
				2430493209B0B966F9D0D5F0 /* CameraIntents.swift */,
				8819AE63F91CAD2817D9CD63 /* CameraShortcuts.swift */,
			);
			path = Intents;
			sourceTree = "<group>";
		};
		871F0137BC2320159A6FF64A /* App */ = {
			isa = PBXGroup;
			children = (
				54EA95225E1722DC6F284AD1 /* CameraActivityController.swift */,
				007BF4B45048FBFAED6ED6AA /* CameraDropNotifier.swift */,
				66F24A8E9D09D59C73F80E71 /* ContentView.swift */,
				BA300F201CB3C612E0FF92C3 /* OsmoMultiApp.swift */,
			);
			path = App;
			sourceTree = "<group>";
		};
		94D54505D75249CBE03C1BC8 /* ViewModels */ = {
			isa = PBXGroup;
			children = (
				0EA2991A288C4BAE21024128 /* WatchViewModel.swift */,
			);
			path = ViewModels;
			sourceTree = "<group>";
		};
		9E066F1C6449BBCE62E9A42D /* BLE */ = {
			isa = PBXGroup;
			children = (
				14CBEF2F29EDD094645BE89F /* OsmoBLEConnection.swift */,
				BF5E9ED9B3C9E0CA998698BC /* OsmoBLEScanner.swift */,
			);
			path = BLE;
			sourceTree = "<group>";
		};
		A1006736BC786583B4B4CC9D /* ViewModels */ = {
			isa = PBXGroup;
			children = (
				7E9838660BDF128E730E1C78 /* CameraListViewModel.swift */,
			);
			path = ViewModels;
			sourceTree = "<group>";
		};
		AB7AAAF92CC98117C350F78A /* Products */ = {
			isa = PBXGroup;
			children = (
				353451F0F10BCADDAA438278 /* DJIOsmoKit.framework */,
				FE827854DB2FD597251E86C3 /* DJIOsmoKitTests.xctest */,
				5B3D36E242AEFF8485065A07 /* OsmoMulti.app */,
				455E2513988A17A0F2CC1588 /* OsmoWatch.app */,
				FD00D2B5302B0E4684DB8A4B /* OsmoWidgets.appex */,
			);
			name = Products;
			sourceTree = "<group>";
		};
		B2DC0618238C3C1CB5C033B4 /* OsmoWidgets */ = {
			isa = PBXGroup;
			children = (
				1F7C475380786E9EF225C441 /* Assets.xcassets */,
				3C81C494E1B493FF44147EEA /* CamControlLiveActivity.swift */,
				23DA1C44DC0134E8C5AB57FA /* Info.plist */,
				7188696585E1C00E9E62D1A8 /* OsmoWidgetsBundle.swift */,
			);
			path = OsmoWidgets;
			sourceTree = "<group>";
		};
		B346E93BCEA03A830DC96D18 = {
			isa = PBXGroup;
			children = (
				101EBBD1B772E6C5C31222EC /* Config */,
				59400AA57335E77743838D9B /* content */,
				EC24EDDD10F2B634888CB27F /* DJIOsmoKit */,
				31007B37A5840720AD747925 /* DJIOsmoKitTests */,
				D27E3C5A719599E22A1067C1 /* LiveActivityShared */,
				02A619DD4815D98641C505B1 /* OsmoMulti */,
				C022EEA0E7DF39C7859B846C /* OsmoWatch */,
				B2DC0618238C3C1CB5C033B4 /* OsmoWidgets */,
				AB7AAAF92CC98117C350F78A /* Products */,
			);
			sourceTree = "<group>";
		};
		B46F57D7E37D52C9010DABB4 /* Watch */ = {
			isa = PBXGroup;
			children = (
				69A871470DA3A519D7F9EC81 /* WatchBridge.swift */,
			);
			path = Watch;
			sourceTree = "<group>";
		};
		B55C06447BDB87FCB3637A9A /* Protocol */ = {
			isa = PBXGroup;
			children = (
				C613863961F2D76F2DF57E4F /* CRC.swift */,
				D89BC62CAB62EB2AF2705EDC /* FrameBuilder.swift */,
				E5CB2752607DA6319914F6A2 /* FrameParser.swift */,
				F7B41CF86B8F7B86CB9CC9C3 /* Commands */,
			);
			path = Protocol;
			sourceTree = "<group>";
		};
		C022EEA0E7DF39C7859B846C /* OsmoWatch */ = {
			isa = PBXGroup;
			children = (
				A24900A3DB6D0559F8B8117F /* Assets.xcassets */,
				C33C4E7D069DEED77A17F192 /* App */,
				94D54505D75249CBE03C1BC8 /* ViewModels */,
				5AA6E2066E073C7A3C985A36 /* Views */,
			);
			path = OsmoWatch;
			sourceTree = "<group>";
		};
		C33C4E7D069DEED77A17F192 /* App */ = {
			isa = PBXGroup;
			children = (
				EB86E24EE94AF69E7E4E57A2 /* OsmoWatchApp.swift */,
			);
			path = App;
			sourceTree = "<group>";
		};
		D27E3C5A719599E22A1067C1 /* LiveActivityShared */ = {
			isa = PBXGroup;
			children = (
				8A10C0E1F0F066C4AB080E5B /* CamActivityAttributes.swift */,
				C18F72A5AD16B37DBF518CE6 /* CamActivityIntents.swift */,
			);
			path = LiveActivityShared;
			sourceTree = "<group>";
		};
		EC24EDDD10F2B634888CB27F /* DJIOsmoKit */ = {
			isa = PBXGroup;
			children = (
				54EA7058CEAC7390F6A85784 /* FirstSeenLogger.swift */,
				C6D85868F51A7E9700410B94 /* Logging.swift */,
				9E066F1C6449BBCE62E9A42D /* BLE */,
				79FE9624C3B1D710765E25DC /* Camera */,
				71E680107B687A82BBFA5266 /* Location */,
				74857E81B374CD1348E08F58 /* Models */,
				B55C06447BDB87FCB3637A9A /* Protocol */,
			);
			path = DJIOsmoKit;
			sourceTree = "<group>";
		};
		F7B41CF86B8F7B86CB9CC9C3 /* Commands */ = {
			isa = PBXGroup;
			children = (
				97A0C3C5D3CC6AC613EBFCAA /* ConnectionCommand.swift */,
				8D82B5852DB15814F0429594 /* GPSPushCommand.swift */,
				4517D2ECD87BC34C38F77BF6 /* KeyReportCommand.swift */,
				16BC89933A607C29647FF0EB /* ModeCommand.swift */,
				5748F9425ECD83D3EE0F0C6B /* ModeDetailsPushCommand.swift */,
				598F6ACABE4154A2BDBF3382 /* PowerModeCommand.swift */,
				882B71AD36860EA8FED4A351 /* RawFrameCommand.swift */,
				73574EDDD56A08059E6848F2 /* RecordingCommand.swift */,
				40400697BA320D8E1824DF73 /* StatusSubscribeCommand.swift */,
				6DC1B54B3EBAEAD34B427C49 /* VersionQueryCommand.swift */,
			);
			path = Commands;
			sourceTree = "<group>";
		};
/* End PBXGroup section */

/* Begin PBXNativeTarget section */
		0E57881AA87223D963EB7017 /* OsmoMulti */ = {
			isa = PBXNativeTarget;
			buildConfigurationList = 806A44B2BA9923C87B5E296C /* Build configuration list for PBXNativeTarget "OsmoMulti" */;
			buildPhases = (
				7431C7287DD325C83B565F19 /* Sources */,
				F7347667AB217E53621CF3AF /* Resources */,
				7B362EA63819AC59AB765FC7 /* Frameworks */,
				C9B79812B36A891082977E18 /* Embed Foundation Extensions */,
				58AF53482E904F9C74F8E094 /* Embed Frameworks */,
				BF84FCFAC433996B5F93E75E /* Embed Watch Content */,
			);
			buildRules = (
			);
			dependencies = (
				130A23081D91D84CB1A95DFC /* PBXTargetDependency */,
				B991497A3EB9E52B42750D1D /* PBXTargetDependency */,
				374268276F644454DA4ABAB4 /* PBXTargetDependency */,
			);
			name = OsmoMulti;
			packageProductDependencies = (
			);
			productName = OsmoMulti;
			productReference = 5B3D36E242AEFF8485065A07 /* OsmoMulti.app */;
			productType = "com.apple.product-type.application";
		};
		123F66ABB15B6E5A3C44AFBA /* DJIOsmoKit */ = {
			isa = PBXNativeTarget;
			buildConfigurationList = 1AC9E12BB07C9D07C334C80E /* Build configuration list for PBXNativeTarget "DJIOsmoKit" */;
			buildPhases = (
				689E8966D8D43A30B689D88C /* Sources */,
			);
			buildRules = (
			);
			dependencies = (
			);
			name = DJIOsmoKit;
			packageProductDependencies = (
			);
			productName = DJIOsmoKit;
			productReference = 353451F0F10BCADDAA438278 /* DJIOsmoKit.framework */;
			productType = "com.apple.product-type.framework";
		};
		49B2A5CFA227F0E087C19DE0 /* DJIOsmoKitTests */ = {
			isa = PBXNativeTarget;
			buildConfigurationList = E4F4EE085F8D46FAA9289CBE /* Build configuration list for PBXNativeTarget "DJIOsmoKitTests" */;
			buildPhases = (
				80336BF8E3B4116D56FC25F2 /* Sources */,
				06A12F52D9EB05C5F534B487 /* Frameworks */,
				0A5907831BE1243A1C14C8E8 /* Embed Frameworks */,
			);
			buildRules = (
			);
			dependencies = (
				A6FF165D2A2334BC7F77D5A8 /* PBXTargetDependency */,
			);
			name = DJIOsmoKitTests;
			packageProductDependencies = (
			);
			productName = DJIOsmoKitTests;
			productReference = FE827854DB2FD597251E86C3 /* DJIOsmoKitTests.xctest */;
			productType = "com.apple.product-type.bundle.unit-test";
		};
		9B723E30363710AE29F85060 /* OsmoWidgets */ = {
			isa = PBXNativeTarget;
			buildConfigurationList = 5CC528A0170BC3B10946278F /* Build configuration list for PBXNativeTarget "OsmoWidgets" */;
			buildPhases = (
				D829DD81AEE6FA6405D31CE1 /* Sources */,
				B194C79EF0E829F41A8C1995 /* Resources */,
			);
			buildRules = (
			);
			dependencies = (
			);
			name = OsmoWidgets;
			packageProductDependencies = (
			);
			productName = OsmoWidgets;
			productReference = FD00D2B5302B0E4684DB8A4B /* OsmoWidgets.appex */;
			productType = "com.apple.product-type.app-extension";
		};
		EC1EF8D172B34EDF64A31ADA /* OsmoWatch */ = {
			isa = PBXNativeTarget;
			buildConfigurationList = 0F0B4FF3339C6E78FA8C8B7D /* Build configuration list for PBXNativeTarget "OsmoWatch" */;
			buildPhases = (
				77A333FCA59F5FF5E946A11C /* Sources */,
				1B7EBB82BD0C3F27187FFC6E /* Resources */,
			);
			buildRules = (
			);
			dependencies = (
			);
			name = OsmoWatch;
			packageProductDependencies = (
			);
			productName = OsmoWatch;
			productReference = 455E2513988A17A0F2CC1588 /* OsmoWatch.app */;
			productType = "com.apple.product-type.application";
		};
/* End PBXNativeTarget section */

/* Begin PBXProject section */
		4B42AFF5E72EEAB3596F4E9B /* Project object */ = {
			isa = PBXProject;
			attributes = {
				BuildIndependentTargetsInParallel = YES;
				LastUpgradeCheck = 1430;
				TargetAttributes = {
					0E57881AA87223D963EB7017 = {
						DevelopmentTeam = L485BLVU52;
						ProvisioningStyle = Automatic;
					};
					123F66ABB15B6E5A3C44AFBA = {
						DevelopmentTeam = L485BLVU52;
						ProvisioningStyle = Automatic;
					};
					49B2A5CFA227F0E087C19DE0 = {
						DevelopmentTeam = L485BLVU52;
						ProvisioningStyle = Automatic;
					};
					9B723E30363710AE29F85060 = {
						DevelopmentTeam = L485BLVU52;
						ProvisioningStyle = Automatic;
					};
					EC1EF8D172B34EDF64A31ADA = {
						DevelopmentTeam = L485BLVU52;
						ProvisioningStyle = Automatic;
					};
				};
			};
			buildConfigurationList = 1E5D2A08F494B12622FEB46C /* Build configuration list for PBXProject "OsmoMulti" */;
			developmentRegion = en;
			hasScannedForEncodings = 0;
			knownRegions = (
				Base,
				en,
			);
			mainGroup = B346E93BCEA03A830DC96D18;
			minimizedProjectReferenceProxies = 1;
			preferredProjectObjectVersion = 77;
			productRefGroup = AB7AAAF92CC98117C350F78A /* Products */;
			projectDirPath = "";
			projectRoot = "";
			targets = (
				123F66ABB15B6E5A3C44AFBA /* DJIOsmoKit */,
				49B2A5CFA227F0E087C19DE0 /* DJIOsmoKitTests */,
				0E57881AA87223D963EB7017 /* OsmoMulti */,
				EC1EF8D172B34EDF64A31ADA /* OsmoWatch */,
				9B723E30363710AE29F85060 /* OsmoWidgets */,
			);
		};
/* End PBXProject section */

/* Begin PBXResourcesBuildPhase section */
		1B7EBB82BD0C3F27187FFC6E /* Resources */ = {
			isa = PBXResourcesBuildPhase;
			buildActionMask = 2147483647;
			files = (
				75D8564A4B679C52E486A6FD /* Assets.xcassets in Resources */,
				08489E83436311DEBA811A49 /* djibt-watch.icon in Resources */,
			);
			runOnlyForDeploymentPostprocessing = 0;
		};
		B194C79EF0E829F41A8C1995 /* Resources */ = {
			isa = PBXResourcesBuildPhase;
			buildActionMask = 2147483647;
			files = (
				65855D1A8222BD38E542DF14 /* Assets.xcassets in Resources */,
			);
			runOnlyForDeploymentPostprocessing = 0;
		};
		F7347667AB217E53621CF3AF /* Resources */ = {
			isa = PBXResourcesBuildPhase;
			buildActionMask = 2147483647;
			files = (
				B170FCA659C4B5902088477C /* Assets.xcassets in Resources */,
				0DC17D3D7DE301783BB10F3D /* PrivacyInfo.xcprivacy in Resources */,
				92F93588A7010BE257D769CA /* djibt-ios.icon in Resources */,
			);
			runOnlyForDeploymentPostprocessing = 0;
		};
/* End PBXResourcesBuildPhase section */

/* Begin PBXSourcesBuildPhase section */
		689E8966D8D43A30B689D88C /* Sources */ = {
			isa = PBXSourcesBuildPhase;
			buildActionMask = 2147483647;
			files = (
				05299D56957A330EC4DAF748 /* CLLocation+Fix.swift in Sources */,
				2A061DFDF05CD66C67452F25 /* CRC.swift in Sources */,
				FF43A991CDBDB4C362519699 /* CameraMode.swift in Sources */,
				ADBA3C21DF0DABF9AFF7BF31 /* CameraStatus.swift in Sources */,
				BBFED5FDB3C21C96D3A0A9CD /* ConnectionCommand.swift in Sources */,
				68A7E0BA84FA5A23A43D0492 /* ConnectionState.swift in Sources */,
				1BE92A02CD2AE74D3DEA2585 /* FirstSeenLogger.swift in Sources */,
				F9628096EEA3E7FF751D227F /* FrameBuilder.swift in Sources */,
				D9CC6824B4F1BC37F152ED4E /* FrameParser.swift in Sources */,
				6AEB2ADA5443DA78118ADB7F /* GPSFixState.swift in Sources */,
				CACC83F5E3367323F06DD518 /* GPSPushCommand.swift in Sources */,
				0F221FC7A529600A86D3B42C /* KeyReportCommand.swift in Sources */,
				0B7AF48C07F6BDE05D611936 /* Logging.swift in Sources */,
				E77A8E007FD275212F1CE7DF /* ModeCommand.swift in Sources */,
				D3A6BF72ECFD46DCC620D7D4 /* ModeDetailsPushCommand.swift in Sources */,
				396BA941F2DA4C6D498ECAAF /* OsmoBLEConnection.swift in Sources */,
				36A8D280F92A8AA6F72B7F15 /* OsmoBLEScanner.swift in Sources */,
				5E1B6CEB17BBF051CA0F5D62 /* OsmoCamera.swift in Sources */,
				F7F11D57C1C281440F02B74C /* OsmoCameraManager+Preview.swift in Sources */,
				AFB1DE62757C2A143DF603B5 /* OsmoCameraManager.swift in Sources */,
				EE45C36217677383E88D4E73 /* OsmoLocationManager.swift in Sources */,
				2EE102F3249EC8BD9D30EA53 /* PowerModeCommand.swift in Sources */,
				A78F130A1B57187EA3E2BD18 /* RawFrameCommand.swift in Sources */,
				1815B3ACD92C98F9B650B09D /* RecordingCommand.swift in Sources */,
				A7BBE9C186384A3632127535 /* StatusSubscribeCommand.swift in Sources */,
				8145316D33D7FD70E916561A /* VersionQueryCommand.swift in Sources */,
			);
			runOnlyForDeploymentPostprocessing = 0;
		};
		7431C7287DD325C83B565F19 /* Sources */ = {
			isa = PBXSourcesBuildPhase;
			buildActionMask = 2147483647;
			files = (
				2F2FDF003B3A526883CBBE97 /* AddCameraView.swift in Sources */,
				34620211E93B448180F7473A /* CamActivityAttributes.swift in Sources */,
				AD416154C93E4D77130FA5A3 /* CamActivityIntents.swift in Sources */,
				05CABF881EA1A1A5C4694C0B /* CameraActivityController.swift in Sources */,
				D7458693C464FCC7949E4C69 /* CameraDetailView.swift in Sources */,
				BFF5DF596CFC3F8A83ED8766 /* CameraDropNotifier.swift in Sources */,
				806E9765F2035B4A52DB44B8 /* CameraIntents.swift in Sources */,
				A24A222A21DFD4C5AABEF43F /* CameraListView.swift in Sources */,
				9FACCC12CE8DB4D45EB00575 /* CameraListViewModel.swift in Sources */,
				82C8FF2D45FF8943E4B56C5F /* CameraRowView.swift in Sources */,
				0FA0D4A7DB2ADB3230FBB5AD /* CameraShortcuts.swift in Sources */,
				27CCCBC1C8953BC76749828C /* ContentView.swift in Sources */,
				02DF8697D3FDCD19027485D5 /* GPSSendHealthView.swift in Sources */,
				E84DAE80B0207A4188AC117E /* GlobalControlsView.swift in Sources */,
				1C580A91DDB173AA436DA9BA /* OsmoMultiApp.swift in Sources */,
				6881F981E6E4A493D32FAB12 /* SettingsView.swift in Sources */,
				7A935FF533D0028D8B448FA2 /* SignalStrengthView.swift in Sources */,
				FD7D35A738741DB080A6C091 /* WatchBridge.swift in Sources */,
			);
			runOnlyForDeploymentPostprocessing = 0;
		};
		77A333FCA59F5FF5E946A11C /* Sources */ = {
			isa = PBXSourcesBuildPhase;
			buildActionMask = 2147483647;
			files = (
				D28B1B70A771347BEE54C437 /* OsmoWatchApp.swift in Sources */,
				80D238E6F1ED98E9687704F5 /* WatchControlView.swift in Sources */,
				F0BCEE371E1B4A705890B449 /* WatchViewModel.swift in Sources */,
			);
			runOnlyForDeploymentPostprocessing = 0;
		};
		80336BF8E3B4116D56FC25F2 /* Sources */ = {
			isa = PBXSourcesBuildPhase;
			buildActionMask = 2147483647;
			files = (
				4997EBDBA4DB8FA26BC9A8C9 /* CRCTests.swift in Sources */,
				39D7C929BFD72A8F2AAB6B3C /* DropoutTests.swift in Sources */,
				2492B25AAEDEB87B14CE3DB8 /* FrameTests.swift in Sources */,
				965779F6C3FFAAF09E1C28E8 /* GPSFixTests.swift in Sources */,
			);
			runOnlyForDeploymentPostprocessing = 0;
		};
		D829DD81AEE6FA6405D31CE1 /* Sources */ = {
			isa = PBXSourcesBuildPhase;
			buildActionMask = 2147483647;
			files = (
				099F8992D9EBC08C48300EC3 /* CamActivityAttributes.swift in Sources */,
				6C9FE28E9436D097B5790225 /* CamActivityIntents.swift in Sources */,
				6CB9A6D2F6A529BE5A0786C5 /* CamControlLiveActivity.swift in Sources */,
				36FC8AEDDB1C72897AA828FD /* OsmoWidgetsBundle.swift in Sources */,
			);
			runOnlyForDeploymentPostprocessing = 0;
		};
/* End PBXSourcesBuildPhase section */

/* Begin PBXTargetDependency section */
		130A23081D91D84CB1A95DFC /* PBXTargetDependency */ = {
			isa = PBXTargetDependency;
			target = 123F66ABB15B6E5A3C44AFBA /* DJIOsmoKit */;
			targetProxy = F2847085038BBC0281B3A425 /* PBXContainerItemProxy */;
		};
		374268276F644454DA4ABAB4 /* PBXTargetDependency */ = {
			isa = PBXTargetDependency;
			target = 9B723E30363710AE29F85060 /* OsmoWidgets */;
			targetProxy = 3DD5DB3FAA2098E1404777F8 /* PBXContainerItemProxy */;
		};
		A6FF165D2A2334BC7F77D5A8 /* PBXTargetDependency */ = {
			isa = PBXTargetDependency;
			target = 123F66ABB15B6E5A3C44AFBA /* DJIOsmoKit */;
			targetProxy = CA7E6A555C33D1F5EC405803 /* PBXContainerItemProxy */;
		};
		B991497A3EB9E52B42750D1D /* PBXTargetDependency */ = {
			isa = PBXTargetDependency;
			target = EC1EF8D172B34EDF64A31ADA /* OsmoWatch */;
			targetProxy = 2698696C32013744504BEE95 /* PBXContainerItemProxy */;
		};
/* End PBXTargetDependency section */

/* Begin XCBuildConfiguration section */
		0A7C6468E27070E90BE8C515 /* Release */ = {
			isa = XCBuildConfiguration;
			buildSettings = {
				BUNDLE_LOADER = "$(TEST_HOST)";
				GENERATE_INFOPLIST_FILE = YES;
				LD_RUNPATH_SEARCH_PATHS = (
					"$(inherited)",
					"@executable_path/Frameworks",
					"@loader_path/Frameworks",
				);
				PRODUCT_BUNDLE_IDENTIFIER = "$(BUNDLE_ID_PREFIX).DJIOsmoKitTests";
				SDKROOT = iphoneos;
				TARGETED_DEVICE_FAMILY = "1,2";
			};
			name = Release;
		};
		264F7284331D37ED5698BB05 /* Release */ = {
			isa = XCBuildConfiguration;
			buildSettings = {
				ASSETCATALOG_COMPILER_APPICON_NAME = "djibt-ios";
				BUNDLE_DISPLAY_NAME = "Cam Control";
				CODE_SIGN_IDENTITY = "iPhone Developer";
				INFOPLIST_FILE = OsmoMulti/Info.plist;
				LD_RUNPATH_SEARCH_PATHS = (
					"$(inherited)",
					"@executable_path/Frameworks",
				);
				PRODUCT_BUNDLE_IDENTIFIER = "$(BUNDLE_ID_PREFIX).CamControl";
				SDKROOT = iphoneos;
				TARGETED_DEVICE_FAMILY = 1;
			};
			name = Release;
		};
		2D40D827A290506C8A14BE3F /* Release */ = {
			isa = XCBuildConfiguration;
			buildSettings = {
				INFOPLIST_FILE = OsmoWidgets/Info.plist;
				LD_RUNPATH_SEARCH_PATHS = (
					"$(inherited)",
					"@executable_path/Frameworks",
					"@executable_path/../../Frameworks",
				);
				PRODUCT_BUNDLE_IDENTIFIER = "$(BUNDLE_ID_PREFIX).CamControl.Widgets";
				SDKROOT = iphoneos;
				SKIP_INSTALL = YES;
				TARGETED_DEVICE_FAMILY = "1,2";
			};
			name = Release;
		};
		30383EDE5E9EEB87D63C115F /* Release */ = {
			isa = XCBuildConfiguration;
			buildSettings = {
				CODE_SIGN_IDENTITY = "";
				CURRENT_PROJECT_VERSION = 1;
				DEFINES_MODULE = YES;
				DYLIB_COMPATIBILITY_VERSION = 1;
				DYLIB_CURRENT_VERSION = 1;
				DYLIB_INSTALL_NAME_BASE = "@rpath";
				ENABLE_MODULE_VERIFIER = YES;
				GENERATE_INFOPLIST_FILE = YES;
				INSTALL_PATH = "$(LOCAL_LIBRARY_DIR)/Frameworks";
				LD_RUNPATH_SEARCH_PATHS = (
					"$(inherited)",
					"@executable_path/Frameworks",
				);
				MODULE_VERIFIER_SUPPORTED_LANGUAGE_STANDARDS = "gnu11 gnu++14";
				PRODUCT_BUNDLE_IDENTIFIER = "$(BUNDLE_ID_PREFIX).DJIOsmoKit";
				SDKROOT = iphoneos;
				SKIP_INSTALL = YES;
				TARGETED_DEVICE_FAMILY = "1,2";
				VERSIONING_SYSTEM = "apple-generic";
			};
			name = Release;
		};
		3B5792FB46AC8FAD0974E8D9 /* Debug */ = {
			isa = XCBuildConfiguration;
			buildSettings = {
				BUNDLE_LOADER = "$(TEST_HOST)";
				GENERATE_INFOPLIST_FILE = YES;
				LD_RUNPATH_SEARCH_PATHS = (
					"$(inherited)",
					"@executable_path/Frameworks",
					"@loader_path/Frameworks",
				);
				PRODUCT_BUNDLE_IDENTIFIER = "$(BUNDLE_ID_PREFIX).DJIOsmoKitTests";
				SDKROOT = iphoneos;
				TARGETED_DEVICE_FAMILY = "1,2";
			};
			name = Debug;
		};
		48025408808CDEA7A25D433B /* Debug */ = {
			isa = XCBuildConfiguration;
			buildSettings = {
				CODE_SIGN_IDENTITY = "";
				CURRENT_PROJECT_VERSION = 1;
				DEFINES_MODULE = YES;
				DYLIB_COMPATIBILITY_VERSION = 1;
				DYLIB_CURRENT_VERSION = 1;
				DYLIB_INSTALL_NAME_BASE = "@rpath";
				ENABLE_MODULE_VERIFIER = YES;
				GENERATE_INFOPLIST_FILE = YES;
				INSTALL_PATH = "$(LOCAL_LIBRARY_DIR)/Frameworks";
				LD_RUNPATH_SEARCH_PATHS = (
					"$(inherited)",
					"@executable_path/Frameworks",
				);
				MODULE_VERIFIER_SUPPORTED_LANGUAGE_STANDARDS = "gnu11 gnu++14";
				PRODUCT_BUNDLE_IDENTIFIER = "$(BUNDLE_ID_PREFIX).DJIOsmoKit";
				SDKROOT = iphoneos;
				SKIP_INSTALL = YES;
				TARGETED_DEVICE_FAMILY = "1,2";
				VERSIONING_SYSTEM = "apple-generic";
			};
			name = Debug;
		};
		4C155D6065606F54F69F1AAF /* Debug */ = {
			isa = XCBuildConfiguration;
			buildSettings = {
				INFOPLIST_FILE = OsmoWidgets/Info.plist;
				LD_RUNPATH_SEARCH_PATHS = (
					"$(inherited)",
					"@executable_path/Frameworks",
					"@executable_path/../../Frameworks",
				);
				PRODUCT_BUNDLE_IDENTIFIER = "$(BUNDLE_ID_PREFIX).CamControl.Widgets";
				SDKROOT = iphoneos;
				SKIP_INSTALL = YES;
				TARGETED_DEVICE_FAMILY = "1,2";
			};
			name = Debug;
		};
		72086F70C355BFBFAFCBEA30 /* Debug */ = {
			isa = XCBuildConfiguration;
			buildSettings = {
				ASSETCATALOG_COMPILER_APPICON_NAME = "djibt-ios";
				BUNDLE_DISPLAY_NAME = "Cam Control 🛠";
				CODE_SIGN_IDENTITY = "iPhone Developer";
				INFOPLIST_FILE = OsmoMulti/Info.plist;
				LD_RUNPATH_SEARCH_PATHS = (
					"$(inherited)",
					"@executable_path/Frameworks",
				);
				PRODUCT_BUNDLE_IDENTIFIER = "$(BUNDLE_ID_PREFIX).CamControl";
				SDKROOT = iphoneos;
				TARGETED_DEVICE_FAMILY = 1;
			};
			name = Debug;
		};
		795C3C7AF284A4E11C77D791 /* Debug */ = {
			isa = XCBuildConfiguration;
			buildSettings = {
				ASSETCATALOG_COMPILER_APPICON_NAME = "djibt-watch";
				GENERATE_INFOPLIST_FILE = YES;
				INFOPLIST_KEY_CFBundleDisplayName = "Cam Control 🛠";
				INFOPLIST_KEY_WKCompanionAppBundleIdentifier = "$(BUNDLE_ID_PREFIX).CamControl";
				PRODUCT_BUNDLE_IDENTIFIER = "$(BUNDLE_ID_PREFIX).CamControl.watchkitapp";
				SDKROOT = watchos;
				SKIP_INSTALL = YES;
				TARGETED_DEVICE_FAMILY = 4;
			};
			name = Debug;
		};
		82F661A8980817D297099F04 /* Debug */ = {
			isa = XCBuildConfiguration;
			baseConfigurationReference = 7232CFC18FC2C9A32DCC4141 /* Signing.xcconfig */;
			buildSettings = {
				ALWAYS_SEARCH_USER_PATHS = NO;
				CLANG_ANALYZER_NONNULL = YES;
				CLANG_ANALYZER_NUMBER_OBJECT_CONVERSION = YES_AGGRESSIVE;
				CLANG_CXX_LANGUAGE_STANDARD = "gnu++14";
				CLANG_CXX_LIBRARY = "libc++";
				CLANG_ENABLE_MODULES = YES;
				CLANG_ENABLE_OBJC_ARC = YES;
				CLANG_ENABLE_OBJC_WEAK = YES;
				CLANG_WARN_BLOCK_CAPTURE_AUTORELEASING = YES;
				CLANG_WARN_BOOL_CONVERSION = YES;
				CLANG_WARN_COMMA = YES;
				CLANG_WARN_CONSTANT_CONVERSION = YES;
				CLANG_WARN_DEPRECATED_OBJC_IMPLEMENTATIONS = YES;
				CLANG_WARN_DIRECT_OBJC_ISA_USAGE = YES_ERROR;
				CLANG_WARN_DOCUMENTATION_COMMENTS = YES;
				CLANG_WARN_EMPTY_BODY = YES;
				CLANG_WARN_ENUM_CONVERSION = YES;
				CLANG_WARN_INFINITE_RECURSION = YES;
				CLANG_WARN_INT_CONVERSION = YES;
				CLANG_WARN_NON_LITERAL_NULL_CONVERSION = YES;
				CLANG_WARN_OBJC_IMPLICIT_RETAIN_SELF = YES;
				CLANG_WARN_OBJC_LITERAL_CONVERSION = YES;
				CLANG_WARN_OBJC_ROOT_CLASS = YES_ERROR;
				CLANG_WARN_QUOTED_INCLUDE_IN_FRAMEWORK_HEADER = YES;
				CLANG_WARN_RANGE_LOOP_ANALYSIS = YES;
				CLANG_WARN_STRICT_PROTOTYPES = YES;
				CLANG_WARN_SUSPICIOUS_MOVE = YES;
				CLANG_WARN_UNGUARDED_AVAILABILITY = YES_AGGRESSIVE;
				CLANG_WARN_UNREACHABLE_CODE = YES;
				CLANG_WARN__DUPLICATE_METHOD_MATCH = YES;
				CODE_SIGN_STYLE = Automatic;
				COPY_PHASE_STRIP = NO;
				CURRENT_PROJECT_VERSION = 1;
				DEAD_CODE_STRIPPING = YES;
				DEBUG_INFORMATION_FORMAT = dwarf;
				ENABLE_STRICT_OBJC_MSGSEND = YES;
				ENABLE_TESTABILITY = YES;
				ENABLE_USER_SCRIPT_SANDBOXING = YES;
				GCC_C_LANGUAGE_STANDARD = gnu11;
				GCC_DYNAMIC_NO_PIC = NO;
				GCC_NO_COMMON_BLOCKS = YES;
				GCC_OPTIMIZATION_LEVEL = 0;
				GCC_PREPROCESSOR_DEFINITIONS = (
					"$(inherited)",
					"DEBUG=1",
				);
				GCC_WARN_64_TO_32_BIT_CONVERSION = YES;
				GCC_WARN_ABOUT_RETURN_TYPE = YES_ERROR;
				GCC_WARN_UNDECLARED_SELECTOR = YES;
				GCC_WARN_UNINITIALIZED_AUTOS = YES_AGGRESSIVE;
				GCC_WARN_UNUSED_FUNCTION = YES;
				GCC_WARN_UNUSED_VARIABLE = YES;
				IPHONEOS_DEPLOYMENT_TARGET = 26.0;
				MARKETING_VERSION = 0.9.3;
				MTL_ENABLE_DEBUG_INFO = INCLUDE_SOURCE;
				MTL_FAST_MATH = YES;
				ONLY_ACTIVE_ARCH = YES;
				PRODUCT_NAME = "$(TARGET_NAME)";
				STRING_CATALOG_GENERATE_SYMBOLS = YES;
				SWIFT_ACTIVE_COMPILATION_CONDITIONS = DEBUG;
				SWIFT_OPTIMIZATION_LEVEL = "-Onone";
				SWIFT_VERSION = 5.9;
				WATCHOS_DEPLOYMENT_TARGET = 26.0;
			};
			name = Debug;
		};
		A915A99B8E1721285D9FD8C4 /* Release */ = {
			isa = XCBuildConfiguration;
			baseConfigurationReference = 7232CFC18FC2C9A32DCC4141 /* Signing.xcconfig */;
			buildSettings = {
				ALWAYS_SEARCH_USER_PATHS = NO;
				CLANG_ANALYZER_NONNULL = YES;
				CLANG_ANALYZER_NUMBER_OBJECT_CONVERSION = YES_AGGRESSIVE;
				CLANG_CXX_LANGUAGE_STANDARD = "gnu++14";
				CLANG_CXX_LIBRARY = "libc++";
				CLANG_ENABLE_MODULES = YES;
				CLANG_ENABLE_OBJC_ARC = YES;
				CLANG_ENABLE_OBJC_WEAK = YES;
				CLANG_WARN_BLOCK_CAPTURE_AUTORELEASING = YES;
				CLANG_WARN_BOOL_CONVERSION = YES;
				CLANG_WARN_COMMA = YES;
				CLANG_WARN_CONSTANT_CONVERSION = YES;
				CLANG_WARN_DEPRECATED_OBJC_IMPLEMENTATIONS = YES;
				CLANG_WARN_DIRECT_OBJC_ISA_USAGE = YES_ERROR;
				CLANG_WARN_DOCUMENTATION_COMMENTS = YES;
				CLANG_WARN_EMPTY_BODY = YES;
				CLANG_WARN_ENUM_CONVERSION = YES;
				CLANG_WARN_INFINITE_RECURSION = YES;
				CLANG_WARN_INT_CONVERSION = YES;
				CLANG_WARN_NON_LITERAL_NULL_CONVERSION = YES;
				CLANG_WARN_OBJC_IMPLICIT_RETAIN_SELF = YES;
				CLANG_WARN_OBJC_LITERAL_CONVERSION = YES;
				CLANG_WARN_OBJC_ROOT_CLASS = YES_ERROR;
				CLANG_WARN_QUOTED_INCLUDE_IN_FRAMEWORK_HEADER = YES;
				CLANG_WARN_RANGE_LOOP_ANALYSIS = YES;
				CLANG_WARN_STRICT_PROTOTYPES = YES;
				CLANG_WARN_SUSPICIOUS_MOVE = YES;
				CLANG_WARN_UNGUARDED_AVAILABILITY = YES_AGGRESSIVE;
				CLANG_WARN_UNREACHABLE_CODE = YES;
				CLANG_WARN__DUPLICATE_METHOD_MATCH = YES;
				CODE_SIGN_STYLE = Automatic;
				COPY_PHASE_STRIP = NO;
				CURRENT_PROJECT_VERSION = 1;
				DEAD_CODE_STRIPPING = YES;
				DEBUG_INFORMATION_FORMAT = "dwarf-with-dsym";
				ENABLE_NS_ASSERTIONS = NO;
				ENABLE_STRICT_OBJC_MSGSEND = YES;
				ENABLE_USER_SCRIPT_SANDBOXING = YES;
				GCC_C_LANGUAGE_STANDARD = gnu11;
				GCC_NO_COMMON_BLOCKS = YES;
				GCC_WARN_64_TO_32_BIT_CONVERSION = YES;
				GCC_WARN_ABOUT_RETURN_TYPE = YES_ERROR;
				GCC_WARN_UNDECLARED_SELECTOR = YES;
				GCC_WARN_UNINITIALIZED_AUTOS = YES_AGGRESSIVE;
				GCC_WARN_UNUSED_FUNCTION = YES;
				GCC_WARN_UNUSED_VARIABLE = YES;
				IPHONEOS_DEPLOYMENT_TARGET = 26.0;
				MARKETING_VERSION = 0.9.3;
				MTL_ENABLE_DEBUG_INFO = NO;
				MTL_FAST_MATH = YES;
				PRODUCT_NAME = "$(TARGET_NAME)";
				STRING_CATALOG_GENERATE_SYMBOLS = YES;
				SWIFT_COMPILATION_MODE = wholemodule;
				SWIFT_OPTIMIZATION_LEVEL = "-O";
				SWIFT_VERSION = 5.9;
				WATCHOS_DEPLOYMENT_TARGET = 26.0;
			};
			name = Release;
		};
		D343E212C520C519AF776CF1 /* Release */ = {
			isa = XCBuildConfiguration;
			buildSettings = {
				ASSETCATALOG_COMPILER_APPICON_NAME = "djibt-watch";
				GENERATE_INFOPLIST_FILE = YES;
				INFOPLIST_KEY_CFBundleDisplayName = "Cam Control";
				INFOPLIST_KEY_WKCompanionAppBundleIdentifier = "$(BUNDLE_ID_PREFIX).CamControl";
				PRODUCT_BUNDLE_IDENTIFIER = "$(BUNDLE_ID_PREFIX).CamControl.watchkitapp";
				SDKROOT = watchos;
				SKIP_INSTALL = YES;
				TARGETED_DEVICE_FAMILY = 4;
			};
			name = Release;
		};
/* End XCBuildConfiguration section */

/* Begin XCConfigurationList section */
		0F0B4FF3339C6E78FA8C8B7D /* Build configuration list for PBXNativeTarget "OsmoWatch" */ = {
			isa = XCConfigurationList;
			buildConfigurations = (
				795C3C7AF284A4E11C77D791 /* Debug */,
				D343E212C520C519AF776CF1 /* Release */,
			);
			defaultConfigurationIsVisible = 0;
			defaultConfigurationName = Debug;
		};
		1AC9E12BB07C9D07C334C80E /* Build configuration list for PBXNativeTarget "DJIOsmoKit" */ = {
			isa = XCConfigurationList;
			buildConfigurations = (
				48025408808CDEA7A25D433B /* Debug */,
				30383EDE5E9EEB87D63C115F /* Release */,
			);
			defaultConfigurationIsVisible = 0;
			defaultConfigurationName = Debug;
		};
		1E5D2A08F494B12622FEB46C /* Build configuration list for PBXProject "OsmoMulti" */ = {
			isa = XCConfigurationList;
			buildConfigurations = (
				82F661A8980817D297099F04 /* Debug */,
				A915A99B8E1721285D9FD8C4 /* Release */,
			);
			defaultConfigurationIsVisible = 0;
			defaultConfigurationName = Debug;
		};
		5CC528A0170BC3B10946278F /* Build configuration list for PBXNativeTarget "OsmoWidgets" */ = {
			isa = XCConfigurationList;
			buildConfigurations = (
				4C155D6065606F54F69F1AAF /* Debug */,
				2D40D827A290506C8A14BE3F /* Release */,
			);
			defaultConfigurationIsVisible = 0;
			defaultConfigurationName = Debug;
		};
		806A44B2BA9923C87B5E296C /* Build configuration list for PBXNativeTarget "OsmoMulti" */ = {
			isa = XCConfigurationList;
			buildConfigurations = (
				72086F70C355BFBFAFCBEA30 /* Debug */,
				264F7284331D37ED5698BB05 /* Release */,
			);
			defaultConfigurationIsVisible = 0;
			defaultConfigurationName = Debug;
		};
		E4F4EE085F8D46FAA9289CBE /* Build configuration list for PBXNativeTarget "DJIOsmoKitTests" */ = {
			isa = XCConfigurationList;
			buildConfigurations = (
				3B5792FB46AC8FAD0974E8D9 /* Debug */,
				0A7C6468E27070E90BE8C515 /* Release */,
			);
			defaultConfigurationIsVisible = 0;
			defaultConfigurationName = Debug;
		};
/* End XCConfigurationList section */
	};
	rootObject = 4B42AFF5E72EEAB3596F4E9B /* Project object */;
}
